
Microsoft Visual Studio Solution File, Format Version 12.00
# Visual Studio Version 16
VisualStudioVersion = 16.0.30717.126
MinimumVisualStudioVersion = 10.0.40219.1
Project("{FAE04EC0-301F-11D3-BF4B-00C04F79EFBC}") = "aLEDp-GUI", "aLEDp-GUI\aLEDp-GUI.csproj", "{48619E5E-2126-4115-90A3-2FA1B2DF6420}"
EndProject
Global
	GlobalSection(SolutionConfigurationPlatforms) = preSolution
		Debug|Any CPU = Debug|Any CPU
		Release|Any CPU = Release|Any CPU
	EndGlobalSection
	GlobalSection(ProjectConfigurationPlatforms) = postSolution
		{48619E5E-2126-4115-90A3-2FA1B2DF6420}.Debug|Any CPU.ActiveCfg = Debug|Any CPU
		{48619E5E-2126-4115-90A3-2FA1B2DF6420}.Debug|Any CPU.Build.0 = Debug|Any CPU
		{48619E5E-2126-4115-90A3-2FA1B2DF6420}.Release|Any CPU.ActiveCfg = Release|Any CPU
		{48619E5E-2126-4115-90A3-2FA1B2DF6420}.Release|Any CPU.Build.0 = Release|Any CPU
	EndGlobalSection
	GlobalSection(SolutionProperties) = preSolution
		HideSolutionNode = FALSE
	EndGlobalSection
	GlobalSection(ExtensibilityGlobals) = postSolution
		SolutionGuid = {CBC0127D-8CA7-4CC1-AB2C-AB8212172000}
	EndGlobalSection
EndGlobal
